
Microsoft Visual Studio Solution File, Format Version 11.00
# Visual Studio 2010
Project("{FAE04EC0-301F-11D3-BF4B-00C04F79EFBC}") = "HotkeyControl", "HotkeyControl\HotkeyControl.csproj", "{AC052AF4-AC6B-4171-B851-7F318B59FF8D}"
EndProject
Project("{FAE04EC0-301F-11D3-BF4B-00C04F79EFBC}") = "HotkeyControl_demo", "HotkeyControl_demo\HotkeyControl_demo.csproj", "{BC875CBC-010F-484F-BF84-A6B705F0C917}"
EndProject
Global
	GlobalSection(SolutionConfigurationPlatforms) = preSolution
		Debug|Any CPU = Debug|Any CPU
		Release|Any CPU = Release|Any CPU
	EndGlobalSection
	GlobalSection(ProjectConfigurationPlatforms) = postSolution
		{AC052AF4-AC6B-4171-B851-7F318B59FF8D}.Debug|Any CPU.ActiveCfg = Debug|Any CPU
		{AC052AF4-AC6B-4171-B851-7F318B59FF8D}.Debug|Any CPU.Build.0 = Debug|Any CPU
		{AC052AF4-AC6B-4171-B851-7F318B59FF8D}.Release|Any CPU.ActiveCfg = Release|Any CPU
		{AC052AF4-AC6B-4171-B851-7F318B59FF8D}.Release|Any CPU.Build.0 = Release|Any CPU
		{BC875CBC-010F-484F-BF84-A6B705F0C917}.Debug|Any CPU.ActiveCfg = Debug|Any CPU
		{BC875CBC-010F-484F-BF84-A6B705F0C917}.Debug|Any CPU.Build.0 = Debug|Any CPU
		{BC875CBC-010F-484F-BF84-A6B705F0C917}.Release|Any CPU.ActiveCfg = Release|Any CPU
		{BC875CBC-010F-484F-BF84-A6B705F0C917}.Release|Any CPU.Build.0 = Release|Any CPU
	EndGlobalSection
	GlobalSection(SolutionProperties) = preSolution
		HideSolutionNode = FALSE
	EndGlobalSection
EndGlobal
